
Microsoft Visual Studio Solution File, Format Version 12.00
# Visual Studio Version 16
VisualStudioVersion = 16.0.31624.102
MinimumVisualStudioVersion = 10.0.40219.1
Project("{8BC9CEB8-8B4A-11D0-8D11-00A0C91BC942}") = "Lab5.4", "Lab5.4.vcxproj", "{A850BA49-A5A5-4854-B72D-6144CCD83AA9}"
EndProject
Project("{8BC9CEB8-8B4A-11D0-8D11-00A0C91BC942}") = "UnitTest3", "..\UnitTest3\UnitTest3.vcxproj", "{26B67241-DDA2-400E-81E9-9F51B1C818AB}"
EndProject
Global
	GlobalSection(SolutionConfigurationPlatforms) = preSolution
		Debug|x64 = Debug|x64
		Debug|x86 = Debug|x86
		Release|x64 = Release|x64
		Release|x86 = Release|x86
	EndGlobalSection
	GlobalSection(ProjectConfigurationPlatforms) = postSolution
		{A850BA49-A5A5-4854-B72D-6144CCD83AA9}.Debug|x64.ActiveCfg = Debug|x64
		{A850BA49-A5A5-4854-B72D-6144CCD83AA9}.Debug|x64.Build.0 = Debug|x64
		{A850BA49-A5A5-4854-B72D-6144CCD83AA9}.Debug|x86.ActiveCfg = Debug|Win32
		{A850BA49-A5A5-4854-B72D-6144CCD83AA9}.Debug|x86.Build.0 = Debug|Win32
		{A850BA49-A5A5-4854-B72D-6144CCD83AA9}.Release|x64.ActiveCfg = Release|x64
		{A850BA49-A5A5-4854-B72D-6144CCD83AA9}.Release|x64.Build.0 = Release|x64
		{A850BA49-A5A5-4854-B72D-6144CCD83AA9}.Release|x86.ActiveCfg = Release|Win32
		{A850BA49-A5A5-4854-B72D-6144CCD83AA9}.Release|x86.Build.0 = Release|Win32
		{26B67241-DDA2-400E-81E9-9F51B1C818AB}.Debug|x64.ActiveCfg = Debug|x64
		{26B67241-DDA2-400E-81E9-9F51B1C818AB}.Debug|x64.Build.0 = Debug|x64
		{26B67241-DDA2-400E-81E9-9F51B1C818AB}.Debug|x86.ActiveCfg = Debug|Win32
		{26B67241-DDA2-400E-81E9-9F51B1C818AB}.Debug|x86.Build.0 = Debug|Win32
		{26B67241-DDA2-400E-81E9-9F51B1C818AB}.Release|x64.ActiveCfg = Release|x64
		{26B67241-DDA2-400E-81E9-9F51B1C818AB}.Release|x64.Build.0 = Release|x64
		{26B67241-DDA2-400E-81E9-9F51B1C818AB}.Release|x86.ActiveCfg = Release|Win32
		{26B67241-DDA2-400E-81E9-9F51B1C818AB}.Release|x86.Build.0 = Release|Win32
	EndGlobalSection
	GlobalSection(SolutionProperties) = preSolution
		HideSolutionNode = FALSE
	EndGlobalSection
	GlobalSection(ExtensibilityGlobals) = postSolution
		SolutionGuid = {9DF10E54-2032-4FFC-BEF5-5E6F1C1DDD6F}
	EndGlobalSection
EndGlobal
